
Microsoft Visual Studio Solution File, Format Version 12.00
# Visual Studio 2013
VisualStudioVersion = 12.0.31101.0
MinimumVisualStudioVersion = 10.0.40219.1
Project("{FAE04EC0-301F-11D3-BF4B-00C04F79EFBC}") = "SearchProcesser", "OCR Test\SearchProcesser.csproj", "{2DE989EF-DDCF-4690-A693-19367CF35890}"
EndProject
Project("{FAE04EC0-301F-11D3-BF4B-00C04F79EFBC}") = "SearchEngine", "SearchEngine\SearchEngine.csproj", "{B3AA7AE8-168B-4216-AE42-2300D4F536D9}"
EndProject
Project("{FAE04EC0-301F-11D3-BF4B-00C04F79EFBC}") = "SearchWeb", "SearchWeb\SearchWeb.csproj", "{EB1CF9A2-0FF9-433E-8622-BEA8E38979CF}"
EndProject
Project("{FAE04EC0-301F-11D3-BF4B-00C04F79EFBC}") = "Search.Web", "WebApplication1\Search.Web.csproj", "{ED9D0B74-C75E-4808-8F06-92EF3A2A4667}"
EndProject
Global
	GlobalSection(SolutionConfigurationPlatforms) = preSolution
		Debug|Any CPU = Debug|Any CPU
		Release|Any CPU = Release|Any CPU
	EndGlobalSection
	GlobalSection(ProjectConfigurationPlatforms) = postSolution
		{2DE989EF-DDCF-4690-A693-19367CF35890}.Debug|Any CPU.ActiveCfg = Debug|Any CPU
		{2DE989EF-DDCF-4690-A693-19367CF35890}.Debug|Any CPU.Build.0 = Debug|Any CPU
		{2DE989EF-DDCF-4690-A693-19367CF35890}.Release|Any CPU.ActiveCfg = Release|Any CPU
		{2DE989EF-DDCF-4690-A693-19367CF35890}.Release|Any CPU.Build.0 = Release|Any CPU
		{B3AA7AE8-168B-4216-AE42-2300D4F536D9}.Debug|Any CPU.ActiveCfg = Debug|Any CPU
		{B3AA7AE8-168B-4216-AE42-2300D4F536D9}.Debug|Any CPU.Build.0 = Debug|Any CPU
		{B3AA7AE8-168B-4216-AE42-2300D4F536D9}.Release|Any CPU.ActiveCfg = Release|Any CPU
		{B3AA7AE8-168B-4216-AE42-2300D4F536D9}.Release|Any CPU.Build.0 = Release|Any CPU
		{EB1CF9A2-0FF9-433E-8622-BEA8E38979CF}.Debug|Any CPU.ActiveCfg = Debug|Any CPU
		{EB1CF9A2-0FF9-433E-8622-BEA8E38979CF}.Debug|Any CPU.Build.0 = Debug|Any CPU
		{EB1CF9A2-0FF9-433E-8622-BEA8E38979CF}.Release|Any CPU.ActiveCfg = Release|Any CPU
		{EB1CF9A2-0FF9-433E-8622-BEA8E38979CF}.Release|Any CPU.Build.0 = Release|Any CPU
		{ED9D0B74-C75E-4808-8F06-92EF3A2A4667}.Debug|Any CPU.ActiveCfg = Debug|Any CPU
		{ED9D0B74-C75E-4808-8F06-92EF3A2A4667}.Debug|Any CPU.Build.0 = Debug|Any CPU
		{ED9D0B74-C75E-4808-8F06-92EF3A2A4667}.Release|Any CPU.ActiveCfg = Release|Any CPU
		{ED9D0B74-C75E-4808-8F06-92EF3A2A4667}.Release|Any CPU.Build.0 = Release|Any CPU
	EndGlobalSection
	GlobalSection(SolutionProperties) = preSolution
		HideSolutionNode = FALSE
	EndGlobalSection
EndGlobal
